
Microsoft Visual Studio Solution File, Format Version 12.00
# Visual Studio Version 16
VisualStudioVersion = 16.0.30717.126
MinimumVisualStudioVersion = 10.0.40219.1
Project("{FAE04EC0-301F-11D3-BF4B-00C04F79EFBC}") = "KeyboardSnake", "KeyboardSnake.csproj", "{19E5EFF7-9EE3-44C8-825C-F9CD0B155FAE}"
EndProject
Global
	GlobalSection(SolutionConfigurationPlatforms) = preSolution
		Debug|Any CPU = Debug|Any CPU
		Debug|x64 = Debug|x64
		Release|Any CPU = Release|Any CPU
		Release|x64 = Release|x64
	EndGlobalSection
	GlobalSection(ProjectConfigurationPlatforms) = postSolution
		{19E5EFF7-9EE3-44C8-825C-F9CD0B155FAE}.Debug|Any CPU.ActiveCfg = Debug|Any CPU
		{19E5EFF7-9EE3-44C8-825C-F9CD0B155FAE}.Debug|Any CPU.Build.0 = Debug|Any CPU
		{19E5EFF7-9EE3-44C8-825C-F9CD0B155FAE}.Debug|x64.ActiveCfg = Debug|x64
		{19E5EFF7-9EE3-44C8-825C-F9CD0B155FAE}.Debug|x64.Build.0 = Debug|x64
		{19E5EFF7-9EE3-44C8-825C-F9CD0B155FAE}.Release|Any CPU.ActiveCfg = Release|Any CPU
		{19E5EFF7-9EE3-44C8-825C-F9CD0B155FAE}.Release|Any CPU.Build.0 = Release|Any CPU
		{19E5EFF7-9EE3-44C8-825C-F9CD0B155FAE}.Release|x64.ActiveCfg = Release|x64
		{19E5EFF7-9EE3-44C8-825C-F9CD0B155FAE}.Release|x64.Build.0 = Release|x64
	EndGlobalSection
	GlobalSection(SolutionProperties) = preSolution
		HideSolutionNode = FALSE
	EndGlobalSection
	GlobalSection(ExtensibilityGlobals) = postSolution
		SolutionGuid = {747F2E25-9B2E-4010-A46B-ECC0111943C3}
	EndGlobalSection
EndGlobal
